
Microsoft Visual Studio Solution File, Format Version 12.00
# Visual Studio Version 17
VisualStudioVersion = 17.7.34031.279
MinimumVisualStudioVersion = 10.0.40219.1
Project("{FAE04EC0-301F-11D3-BF4B-00C04F79EFBC}") = "Web_Marina", "Web_Marina\Web_Marina.csproj", "{F9998267-0D62-4BC8-AEA4-0EF1F108D953}"
EndProject
Global
	GlobalSection(SolutionConfigurationPlatforms) = preSolution
		Debug|Any CPU = Debug|Any CPU
		Release|Any CPU = Release|Any CPU
	EndGlobalSection
	GlobalSection(ProjectConfigurationPlatforms) = postSolution
		{F9998267-0D62-4BC8-AEA4-0EF1F108D953}.Debug|Any CPU.ActiveCfg = Debug|Any CPU
		{F9998267-0D62-4BC8-AEA4-0EF1F108D953}.Debug|Any CPU.Build.0 = Debug|Any CPU
		{F9998267-0D62-4BC8-AEA4-0EF1F108D953}.Release|Any CPU.ActiveCfg = Release|Any CPU
		{F9998267-0D62-4BC8-AEA4-0EF1F108D953}.Release|Any CPU.Build.0 = Release|Any CPU
	EndGlobalSection
	GlobalSection(SolutionProperties) = preSolution
		HideSolutionNode = FALSE
	EndGlobalSection
	GlobalSection(ExtensibilityGlobals) = postSolution
		SolutionGuid = {7D91AEB8-25E5-4C5E-80F2-D1C04B41C0FB}
	EndGlobalSection
EndGlobal
